// !$*UTF8*$!
{
	archiveVersion = 1;
	classes = {
	};
	objectVersion = 50;
	objects = {

/* Begin PBXBuildFile section */
		066087A0A99A5B7343E89E98 /* Pods_BlueStarRedStarTests.framework in Frameworks */ = {isa = PBXBuildFile; fileRef = 36660718BDD52A8B8F434AF6 /* Pods_BlueStarRedStarTests.framework */; };
		0B08D2CB223DB8D5006942A0 /* Level.swift in Sources */ = {isa = PBXBuildFile; fileRef = 0B08D2CA223DB8D5006942A0 /* Level.swift */; };
		0B08D2CD223DB9B3006942A0 /* LevelManager.swift in Sources */ = {isa = PBXBuildFile; fileRef = 0B08D2CC223DB9B3006942A0 /* LevelManager.swift */; };
		0B08D2CF223DC261006942A0 /* Section.swift in Sources */ = {isa = PBXBuildFile; fileRef = 0B08D2CE223DC261006942A0 /* Section.swift */; };
		0B08D2D1223DC2F2006942A0 /* Segment.swift in Sources */ = {isa = PBXBuildFile; fileRef = 0B08D2D0223DC2F2006942A0 /* Segment.swift */; };
		0B08D2D3223DC352006942A0 /* Piece.swift in Sources */ = {isa = PBXBuildFile; fileRef = 0B08D2D2223DC352006942A0 /* Piece.swift */; };
		0B08D2D5223DCEA7006942A0 /* LevelCreator.swift in Sources */ = {isa = PBXBuildFile; fileRef = 0B08D2D4223DCEA7006942A0 /* LevelCreator.swift */; };
		0B08D2D7223DD43C006942A0 /* PieceFactory.swift in Sources */ = {isa = PBXBuildFile; fileRef = 0B08D2D6223DD43C006942A0 /* PieceFactory.swift */; };
		0B172A702241423C0003CE03 /* GameScene+Start+End.swift in Sources */ = {isa = PBXBuildFile; fileRef = 0B172A6F2241423C0003CE03 /* GameScene+Start+End.swift */; };
		0B172A73224145180003CE03 /* MenuGameOver.xib in Resources */ = {isa = PBXBuildFile; fileRef = 0B172A72224145180003CE03 /* MenuGameOver.xib */; };
		0B172A75224145620003CE03 /* MenuGameOverView.swift in Sources */ = {isa = PBXBuildFile; fileRef = 0B172A74224145620003CE03 /* MenuGameOverView.swift */; };
		0B172A77224189180003CE03 /* MenuDelegate.swift in Sources */ = {isa = PBXBuildFile; fileRef = 0B172A76224189180003CE03 /* MenuDelegate.swift */; };
		0B172A79224189450003CE03 /* GameScene+MenuDelegate.swift in Sources */ = {isa = PBXBuildFile; fileRef = 0B172A78224189450003CE03 /* GameScene+MenuDelegate.swift */; };
		0B172A7B2241D8450003CE03 /* HighScore.swift in Sources */ = {isa = PBXBuildFile; fileRef = 0B172A7A2241D8450003CE03 /* HighScore.swift */; };
		0B172A7D2241DA870003CE03 /* HighsScoreManager.swift in Sources */ = {isa = PBXBuildFile; fileRef = 0B172A7C2241DA870003CE03 /* HighsScoreManager.swift */; };
		0B172A7F2241E4DF0003CE03 /* MenuNewHighScore.xib in Resources */ = {isa = PBXBuildFile; fileRef = 0B172A7E2241E4DF0003CE03 /* MenuNewHighScore.xib */; };
		0B172A812241E57B0003CE03 /* NewHighScoreView.swift in Sources */ = {isa = PBXBuildFile; fileRef = 0B172A802241E57B0003CE03 /* NewHighScoreView.swift */; };
		0B172A8322427D4D0003CE03 /* MenuTitle.xib in Resources */ = {isa = PBXBuildFile; fileRef = 0B172A8222427D4D0003CE03 /* MenuTitle.xib */; };
		0B172A8522427F180003CE03 /* MenuTitleView.swift in Sources */ = {isa = PBXBuildFile; fileRef = 0B172A8422427F180003CE03 /* MenuTitleView.swift */; };
		0B172A87224285120003CE03 /* MenuHighScores.xib in Resources */ = {isa = PBXBuildFile; fileRef = 0B172A86224285120003CE03 /* MenuHighScores.xib */; };
		0B172A89224285650003CE03 /* MenuHighScoresView.swift in Sources */ = {isa = PBXBuildFile; fileRef = 0B172A88224285650003CE03 /* MenuHighScoresView.swift */; };
		0B172A8B22428A5C0003CE03 /* HighScore.xib in Resources */ = {isa = PBXBuildFile; fileRef = 0B172A8A22428A5C0003CE03 /* HighScore.xib */; };
		0B172A8D22428A7B0003CE03 /* HighScoreView.swift in Sources */ = {isa = PBXBuildFile; fileRef = 0B172A8C22428A7A0003CE03 /* HighScoreView.swift */; };
		0B172A902242E9DD0003CE03 /* LevelCreator+Level1.swift in Sources */ = {isa = PBXBuildFile; fileRef = 0B172A8F2242E9DD0003CE03 /* LevelCreator+Level1.swift */; };
		0B18D8DC2243E78C00461AEE /* PlayerDelegate.swift in Sources */ = {isa = PBXBuildFile; fileRef = 0B18D8DB2243E78C00461AEE /* PlayerDelegate.swift */; };
		0B18D8DE2243E83800461AEE /* GameSceen+PlayerDelegate.swift in Sources */ = {isa = PBXBuildFile; fileRef = 0B18D8DD2243E83700461AEE /* GameSceen+PlayerDelegate.swift */; };
		0B1E51E02251BCFF00817FAE /* MenuProtocol.swift in Sources */ = {isa = PBXBuildFile; fileRef = 0B1E51DF2251BCFF00817FAE /* MenuProtocol.swift */; };
		0B24CCCA22527B0D002F3410 /* Key.xib in Resources */ = {isa = PBXBuildFile; fileRef = 0B24CCC922527B0D002F3410 /* Key.xib */; };
		0B24CCCC22527E05002F3410 /* KeyView.swift in Sources */ = {isa = PBXBuildFile; fileRef = 0B24CCCB22527E05002F3410 /* KeyView.swift */; };
		0B24CCCE225291B5002F3410 /* KeyDelegate.swift in Sources */ = {isa = PBXBuildFile; fileRef = 0B24CCCD225291B5002F3410 /* KeyDelegate.swift */; };
		0B24CCD02252937A002F3410 /* NewHighScoreView+KeyDelegate.swift in Sources */ = {isa = PBXBuildFile; fileRef = 0B24CCCF2252937A002F3410 /* NewHighScoreView+KeyDelegate.swift */; };
		0B2F871F223C6F41001D50E6 /* AppDelegate.swift in Sources */ = {isa = PBXBuildFile; fileRef = 0B2F871E223C6F41001D50E6 /* AppDelegate.swift */; };
		0B2F8721223C6F41001D50E6 /* GameScene.sks in Resources */ = {isa = PBXBuildFile; fileRef = 0B2F8720223C6F41001D50E6 /* GameScene.sks */; };
		0B2F8725223C6F41001D50E6 /* GameScene.swift in Sources */ = {isa = PBXBuildFile; fileRef = 0B2F8724223C6F41001D50E6 /* GameScene.swift */; };
		0B2F8727223C6F41001D50E6 /* GameViewController.swift in Sources */ = {isa = PBXBuildFile; fileRef = 0B2F8726223C6F41001D50E6 /* GameViewController.swift */; };
		0B2F872A223C6F41001D50E6 /* Main.storyboard in Resources */ = {isa = PBXBuildFile; fileRef = 0B2F8728223C6F41001D50E6 /* Main.storyboard */; };
		0B2F872C223C6F42001D50E6 /* Assets.xcassets in Resources */ = {isa = PBXBuildFile; fileRef = 0B2F872B223C6F42001D50E6 /* Assets.xcassets */; };
		0B2F872F223C6F42001D50E6 /* LaunchScreen.storyboard in Resources */ = {isa = PBXBuildFile; fileRef = 0B2F872D223C6F42001D50E6 /* LaunchScreen.storyboard */; };
		0B2F873A223C6F42001D50E6 /* BlueStarRedStarTests.swift in Sources */ = {isa = PBXBuildFile; fileRef = 0B2F8739223C6F42001D50E6 /* BlueStarRedStarTests.swift */; };
		0B2F8745223C7321001D50E6 /* GameScene+Touches.swift in Sources */ = {isa = PBXBuildFile; fileRef = 0B2F8744223C7321001D50E6 /* GameScene+Touches.swift */; };
		0B2F8748223D8AA8001D50E6 /* PlayerPiece.swift in Sources */ = {isa = PBXBuildFile; fileRef = 0B2F8747223D8AA8001D50E6 /* PlayerPiece.swift */; };
		0B2F874A223D8DC9001D50E6 /* PlayerMaster.swift in Sources */ = {isa = PBXBuildFile; fileRef = 0B2F8749223D8DC9001D50E6 /* PlayerMaster.swift */; };
		0B4A8AAA225589930089B642 /* NewHighScoreView+Animations.swift in Sources */ = {isa = PBXBuildFile; fileRef = 0B4A8AA9225589930089B642 /* NewHighScoreView+Animations.swift */; };
		0B4A8AAC225681100089B642 /* HighScoreStars.sks in Resources */ = {isa = PBXBuildFile; fileRef = 0B4A8AAB225681100089B642 /* HighScoreStars.sks */; };
		0B4A8AB4225704CF0089B642 /* AppDelegate.swift in Sources */ = {isa = PBXBuildFile; fileRef = 0B4A8AB3225704CF0089B642 /* AppDelegate.swift */; };
		0B4A8AB6225704CF0089B642 /* EditSegmentViewController.swift in Sources */ = {isa = PBXBuildFile; fileRef = 0B4A8AB5225704CF0089B642 /* EditSegmentViewController.swift */; };
		0B4A8AB8225704D00089B642 /* Assets.xcassets in Resources */ = {isa = PBXBuildFile; fileRef = 0B4A8AB7225704D00089B642 /* Assets.xcassets */; };
		0B4A8ABB225704D00089B642 /* Main.storyboard in Resources */ = {isa = PBXBuildFile; fileRef = 0B4A8AB9225704D00089B642 /* Main.storyboard */; };
		0B5E2F1A22571A1A009A091F /* CollisionCategories.swift in Sources */ = {isa = PBXBuildFile; fileRef = 0B7AC04D223F266C003E84EF /* CollisionCategories.swift */; };
		0B5E2F1C22571A5D009A091F /* StaticHelper.swift in Sources */ = {isa = PBXBuildFile; fileRef = 0B5E2F1B22571A5D009A091F /* StaticHelper.swift */; };
		0B5E2F1E22571C36009A091F /* PieceColor+GetColor.swift in Sources */ = {isa = PBXBuildFile; fileRef = 0B5E2F1D22571C36009A091F /* PieceColor+GetColor.swift */; };
		0B63A2092257BC6900ACC399 /* Level.swift in Sources */ = {isa = PBXBuildFile; fileRef = 0B08D2CA223DB8D5006942A0 /* Level.swift */; };
		0B63A20A2257BC6900ACC399 /* Section.swift in Sources */ = {isa = PBXBuildFile; fileRef = 0B08D2CE223DC261006942A0 /* Section.swift */; };
		0B63A20B2257BC6900ACC399 /* Segment.swift in Sources */ = {isa = PBXBuildFile; fileRef = 0B08D2D0223DC2F2006942A0 /* Segment.swift */; };
		0B63A20C2257BC6900ACC399 /* Piece.swift in Sources */ = {isa = PBXBuildFile; fileRef = 0B08D2D2223DC352006942A0 /* Piece.swift */; };
		0B63A20D2257BC6900ACC399 /* HighScore.swift in Sources */ = {isa = PBXBuildFile; fileRef = 0B172A7A2241D8450003CE03 /* HighScore.swift */; };
		0B63A20E2257E67600ACC399 /* LevelCreator.swift in Sources */ = {isa = PBXBuildFile; fileRef = 0B08D2D4223DCEA7006942A0 /* LevelCreator.swift */; };
		0B63A20F2257E67600ACC399 /* LevelCreator+Level1.swift in Sources */ = {isa = PBXBuildFile; fileRef = 0B172A8F2242E9DD0003CE03 /* LevelCreator+Level1.swift */; };
		0B63A2112258157900ACC399 /* TileView.swift in Sources */ = {isa = PBXBuildFile; fileRef = 0B63A2102258157900ACC399 /* TileView.swift */; };
		0B63A21522582F8A00ACC399 /* TileManager.swift in Sources */ = {isa = PBXBuildFile; fileRef = 0B63A21422582F8A00ACC399 /* TileManager.swift */; };
		0B63A21722582FBC00ACC399 /* TileDelegate.swift in Sources */ = {isa = PBXBuildFile; fileRef = 0B63A21622582FBC00ACC399 /* TileDelegate.swift */; };
		0B63A2192258303400ACC399 /* TileManager+TileDelegate.swift in Sources */ = {isa = PBXBuildFile; fileRef = 0B63A2182258303400ACC399 /* TileManager+TileDelegate.swift */; };
		0B63A21C225832B300ACC399 /* TileManagerDelegate.swift in Sources */ = {isa = PBXBuildFile; fileRef = 0B63A21B225832B300ACC399 /* TileManagerDelegate.swift */; };
		0B63A21E225832D800ACC399 /* EditSegmentViewController+TileManagerDelegate.swift in Sources */ = {isa = PBXBuildFile; fileRef = 0B63A21D225832D800ACC399 /* EditSegmentViewController+TileManagerDelegate.swift */; };
		0B63A2202258342E00ACC399 /* PieceView.swift in Sources */ = {isa = PBXBuildFile; fileRef = 0B63A21F2258342E00ACC399 /* PieceView.swift */; };
		0B63A224225843FE00ACC399 /* EditorWindowController.swift in Sources */ = {isa = PBXBuildFile; fileRef = 0B63A223225843FE00ACC399 /* EditorWindowController.swift */; };
		0B63A226225A838000ACC399 /* RealmManager.swift in Sources */ = {isa = PBXBuildFile; fileRef = 0B63A225225A838000ACC399 /* RealmManager.swift */; };
		0B63A22F225AFD3800ACC399 /* LevelViewController.swift in Sources */ = {isa = PBXBuildFile; fileRef = 0B63A22E225AFD3800ACC399 /* LevelViewController.swift */; };
		0B63A231225BA7CF00ACC399 /* TableViewController.swift in Sources */ = {isa = PBXBuildFile; fileRef = 0B63A230225BA7CF00ACC399 /* TableViewController.swift */; };
		0B63A233225BA82D00ACC399 /* TableViewController+Delegate+DataSource.swift in Sources */ = {isa = PBXBuildFile; fileRef = 0B63A232225BA82D00ACC399 /* TableViewController+Delegate+DataSource.swift */; };
		0B63A235225C5EAE00ACC399 /* LevelViewController+TaleViewDelegate+DataSource.swift in Sources */ = {isa = PBXBuildFile; fileRef = 0B63A234225C5EAE00ACC399 /* LevelViewController+TaleViewDelegate+DataSource.swift */; };
		0B63A238225C601200ACC399 /* SectionViewController.swift in Sources */ = {isa = PBXBuildFile; fileRef = 0B63A237225C601200ACC399 /* SectionViewController.swift */; };
		0B63A23A225C603600ACC399 /* SectionViewController+TableDataSource+Delegate.swift in Sources */ = {isa = PBXBuildFile; fileRef = 0B63A239225C603600ACC399 /* SectionViewController+TableDataSource+Delegate.swift */; };
		0B63A23C225C621400ACC399 /* SegmentViewController.swift in Sources */ = {isa = PBXBuildFile; fileRef = 0B63A23B225C621400ACC399 /* SegmentViewController.swift */; };
		0B63A23E225C627E00ACC399 /* SegmentViewController+TableViewDelegate+DataSource.swift in Sources */ = {isa = PBXBuildFile; fileRef = 0B63A23D225C627E00ACC399 /* SegmentViewController+TableViewDelegate+DataSource.swift */; };
		0B63A240225D409300ACC399 /* TableManager.swift in Sources */ = {isa = PBXBuildFile; fileRef = 0B63A23F225D409300ACC399 /* TableManager.swift */; };
		0B63A242225D5ED300ACC399 /* EditLevelViewController.swift in Sources */ = {isa = PBXBuildFile; fileRef = 0B63A241225D5ED300ACC399 /* EditLevelViewController.swift */; };
		0B63A247225FDEE700ACC399 /* EditSectionViewController.swift in Sources */ = {isa = PBXBuildFile; fileRef = 0B63A245225FDEE700ACC399 /* EditSectionViewController.swift */; };
		0B7AC044223EDD88003E84EF /* PieceNode.swift in Sources */ = {isa = PBXBuildFile; fileRef = 0B7AC043223EDD88003E84EF /* PieceNode.swift */; };
		0B7AC046223EE811003E84EF /* Wall.swift in Sources */ = {isa = PBXBuildFile; fileRef = 0B7AC045223EE811003E84EF /* Wall.swift */; };
		0B7AC048223EF7FC003E84EF /* StaticHelper.swift in Sources */ = {isa = PBXBuildFile; fileRef = 0B7AC047223EF7FC003E84EF /* StaticHelper.swift */; };
		0B7AC04A223F1FD5003E84EF /* Coin.swift in Sources */ = {isa = PBXBuildFile; fileRef = 0B7AC049223F1FD5003E84EF /* Coin.swift */; };
		0B7AC04C223F25A4003E84EF /* GameScene+Collisions.swift in Sources */ = {isa = PBXBuildFile; fileRef = 0B7AC04B223F25A4003E84EF /* GameScene+Collisions.swift */; };
		0B7AC04E223F266C003E84EF /* CollisionCategories.swift in Sources */ = {isa = PBXBuildFile; fileRef = 0B7AC04D223F266C003E84EF /* CollisionCategories.swift */; };
		0B98CCD5224AB16500C2D763 /* silkworm.TTF in Resources */ = {isa = PBXBuildFile; fileRef = 0B98CCD4224AB16500C2D763 /* silkworm.TTF */; };
		0B98CCD7224ABA9800C2D763 /* Retronoid Italic.ttf in Resources */ = {isa = PBXBuildFile; fileRef = 0B98CCD6224ABA9800C2D763 /* Retronoid Italic.ttf */; };
		0B98CCD9224ABB4900C2D763 /* atari full.ttf in Resources */ = {isa = PBXBuildFile; fileRef = 0B98CCD8224ABB4900C2D763 /* atari full.ttf */; };
		0B98CCDB224ABC3A00C2D763 /* ca.ttf in Resources */ = {isa = PBXBuildFile; fileRef = 0B98CCDA224ABC3A00C2D763 /* ca.ttf */; };
		0B98CCDD224B14C800C2D763 /* Space.sks in Resources */ = {isa = PBXBuildFile; fileRef = 0B98CCDC224B14C800C2D763 /* Space.sks */; };
		0BB390BF2247F1B6009F08B1 /* TailPiece.swift in Sources */ = {isa = PBXBuildFile; fileRef = 0BB390BE2247F1B6009F08B1 /* TailPiece.swift */; };
		0BB390C6224856EF009F08B1 /* Simply Rounded Italic.ttf in Resources */ = {isa = PBXBuildFile; fileRef = 0BB390C5224856EF009F08B1 /* Simply Rounded Italic.ttf */; };
		0BB390C822487122009F08B1 /* pure_and_simple_everytime.ttf in Resources */ = {isa = PBXBuildFile; fileRef = 0BB390C722487122009F08B1 /* pure_and_simple_everytime.ttf */; };
		0BB390CB22496C61009F08B1 /* PlayerExplode.sks in Resources */ = {isa = PBXBuildFile; fileRef = 0BB390C922496C61009F08B1 /* PlayerExplode.sks */; };
		0BB390CC22496C61009F08B1 /* Assets.xcassets in Resources */ = {isa = PBXBuildFile; fileRef = 0BB390CA22496C61009F08B1 /* Assets.xcassets */; };
		0BB390CF224979EF009F08B1 /* PlayerHurt.sks in Resources */ = {isa = PBXBuildFile; fileRef = 0BB390CE224979EF009F08B1 /* PlayerHurt.sks */; };
		0BB390D1224980C4009F08B1 /* points.sks in Resources */ = {isa = PBXBuildFile; fileRef = 0BB390D0224980C4009F08B1 /* points.sks */; };
		0BB390D32249BAA9009F08B1 /* Tail.sks in Resources */ = {isa = PBXBuildFile; fileRef = 0BB390D22249BAA9009F08B1 /* Tail.sks */; };
		201E3F84A9BC15B946134067 /* Pods_TwinStarLevelEditor.framework in Frameworks */ = {isa = PBXBuildFile; fileRef = C59C62B5929A4F1C25F34CFF /* Pods_TwinStarLevelEditor.framework */; };
		97DF5292F175791B7BBC75FB /* Pods_BlueStarRedStar.framework in Frameworks */ = {isa = PBXBuildFile; fileRef = 19447945DFD9BA2253AD61BF /* Pods_BlueStarRedStar.framework */; };
/* End PBXBuildFile section */

/* Begin PBXContainerItemProxy section */
		0B2F8736223C6F42001D50E6 /* PBXContainerItemProxy */ = {
			isa = PBXContainerItemProxy;
			containerPortal = 0B2F8713223C6F40001D50E6 /* Project object */;
			proxyType = 1;
			remoteGlobalIDString = 0B2F871A223C6F41001D50E6;
			remoteInfo = BlueStarRedStar;
		};
/* End PBXContainerItemProxy section */

/* Begin PBXFileReference section */
		0B08D2CA223DB8D5006942A0 /* Level.swift */ = {isa = PBXFileReference; lastKnownFileType = sourcecode.swift; path = Level.swift; sourceTree = "<group>"; };
		0B08D2CC223DB9B3006942A0 /* LevelManager.swift */ = {isa = PBXFileReference; lastKnownFileType = sourcecode.swift; path = LevelManager.swift; sourceTree = "<group>"; };
		0B08D2CE223DC261006942A0 /* Section.swift */ = {isa = PBXFileReference; lastKnownFileType = sourcecode.swift; path = Section.swift; sourceTree = "<group>"; };
		0B08D2D0223DC2F2006942A0 /* Segment.swift */ = {isa = PBXFileReference; lastKnownFileType = sourcecode.swift; path = Segment.swift; sourceTree = "<group>"; };
		0B08D2D2223DC352006942A0 /* Piece.swift */ = {isa = PBXFileReference; lastKnownFileType = sourcecode.swift; path = Piece.swift; sourceTree = "<group>"; };
		0B08D2D4223DCEA7006942A0 /* LevelCreator.swift */ = {isa = PBXFileReference; lastKnownFileType = sourcecode.swift; path = LevelCreator.swift; sourceTree = "<group>"; };
		0B08D2D6223DD43C006942A0 /* PieceFactory.swift */ = {isa = PBXFileReference; lastKnownFileType = sourcecode.swift; path = PieceFactory.swift; sourceTree = "<group>"; };
		0B172A6F2241423C0003CE03 /* GameScene+Start+End.swift */ = {isa = PBXFileReference; lastKnownFileType = sourcecode.swift; path = "GameScene+Start+End.swift"; sourceTree = "<group>"; };
		0B172A72224145180003CE03 /* MenuGameOver.xib */ = {isa = PBXFileReference; lastKnownFileType = file.xib; path = MenuGameOver.xib; sourceTree = "<group>"; };
		0B172A74224145620003CE03 /* MenuGameOverView.swift */ = {isa = PBXFileReference; lastKnownFileType = sourcecode.swift; path = MenuGameOverView.swift; sourceTree = "<group>"; };
		0B172A76224189180003CE03 /* MenuDelegate.swift */ = {isa = PBXFileReference; lastKnownFileType = sourcecode.swift; path = MenuDelegate.swift; sourceTree = "<group>"; };
		0B172A78224189450003CE03 /* GameScene+MenuDelegate.swift */ = {isa = PBXFileReference; lastKnownFileType = sourcecode.swift; path = "GameScene+MenuDelegate.swift"; sourceTree = "<group>"; };
		0B172A7A2241D8450003CE03 /* HighScore.swift */ = {isa = PBXFileReference; lastKnownFileType = sourcecode.swift; path = HighScore.swift; sourceTree = "<group>"; };
		0B172A7C2241DA870003CE03 /* HighsScoreManager.swift */ = {isa = PBXFileReference; lastKnownFileType = sourcecode.swift; path = HighsScoreManager.swift; sourceTree = "<group>"; };
		0B172A7E2241E4DF0003CE03 /* MenuNewHighScore.xib */ = {isa = PBXFileReference; lastKnownFileType = file.xib; path = MenuNewHighScore.xib; sourceTree = "<group>"; };
		0B172A802241E57B0003CE03 /* NewHighScoreView.swift */ = {isa = PBXFileReference; lastKnownFileType = sourcecode.swift; path = NewHighScoreView.swift; sourceTree = "<group>"; };
		0B172A8222427D4D0003CE03 /* MenuTitle.xib */ = {isa = PBXFileReference; lastKnownFileType = file.xib; path = MenuTitle.xib; sourceTree = "<group>"; };
		0B172A8422427F180003CE03 /* MenuTitleView.swift */ = {isa = PBXFileReference; lastKnownFileType = sourcecode.swift; path = MenuTitleView.swift; sourceTree = "<group>"; };
		0B172A86224285120003CE03 /* MenuHighScores.xib */ = {isa = PBXFileReference; lastKnownFileType = file.xib; path = MenuHighScores.xib; sourceTree = "<group>"; };
		0B172A88224285650003CE03 /* MenuHighScoresView.swift */ = {isa = PBXFileReference; lastKnownFileType = sourcecode.swift; path = MenuHighScoresView.swift; sourceTree = "<group>"; };
		0B172A8A22428A5C0003CE03 /* HighScore.xib */ = {isa = PBXFileReference; lastKnownFileType = file.xib; path = HighScore.xib; sourceTree = "<group>"; };
		0B172A8C22428A7A0003CE03 /* HighScoreView.swift */ = {isa = PBXFileReference; lastKnownFileType = sourcecode.swift; path = HighScoreView.swift; sourceTree = "<group>"; };
		0B172A8F2242E9DD0003CE03 /* LevelCreator+Level1.swift */ = {isa = PBXFileReference; lastKnownFileType = sourcecode.swift; path = "LevelCreator+Level1.swift"; sourceTree = "<group>"; };
		0B18D8DB2243E78C00461AEE /* PlayerDelegate.swift */ = {isa = PBXFileReference; lastKnownFileType = sourcecode.swift; path = PlayerDelegate.swift; sourceTree = "<group>"; };
		0B18D8DD2243E83700461AEE /* GameSceen+PlayerDelegate.swift */ = {isa = PBXFileReference; lastKnownFileType = sourcecode.swift; path = "GameSceen+PlayerDelegate.swift"; sourceTree = "<group>"; };
		0B1E51DF2251BCFF00817FAE /* MenuProtocol.swift */ = {isa = PBXFileReference; lastKnownFileType = sourcecode.swift; path = MenuProtocol.swift; sourceTree = "<group>"; };
		0B24CCC922527B0D002F3410 /* Key.xib */ = {isa = PBXFileReference; lastKnownFileType = file.xib; path = Key.xib; sourceTree = "<group>"; };
		0B24CCCB22527E05002F3410 /* KeyView.swift */ = {isa = PBXFileReference; lastKnownFileType = sourcecode.swift; path = KeyView.swift; sourceTree = "<group>"; };
		0B24CCCD225291B5002F3410 /* KeyDelegate.swift */ = {isa = PBXFileReference; lastKnownFileType = sourcecode.swift; path = KeyDelegate.swift; sourceTree = "<group>"; };
		0B24CCCF2252937A002F3410 /* NewHighScoreView+KeyDelegate.swift */ = {isa = PBXFileReference; lastKnownFileType = sourcecode.swift; path = "NewHighScoreView+KeyDelegate.swift"; sourceTree = "<group>"; };
		0B2F871B223C6F41001D50E6 /* BlueStarRedStar.app */ = {isa = PBXFileReference; explicitFileType = wrapper.application; includeInIndex = 0; path = BlueStarRedStar.app; sourceTree = BUILT_PRODUCTS_DIR; };
		0B2F871E223C6F41001D50E6 /* AppDelegate.swift */ = {isa = PBXFileReference; lastKnownFileType = sourcecode.swift; path = AppDelegate.swift; sourceTree = "<group>"; };
		0B2F8720223C6F41001D50E6 /* GameScene.sks */ = {isa = PBXFileReference; lastKnownFileType = file.sks; path = GameScene.sks; sourceTree = "<group>"; };
		0B2F8724223C6F41001D50E6 /* GameScene.swift */ = {isa = PBXFileReference; lastKnownFileType = sourcecode.swift; path = GameScene.swift; sourceTree = "<group>"; };
		0B2F8726223C6F41001D50E6 /* GameViewController.swift */ = {isa = PBXFileReference; lastKnownFileType = sourcecode.swift; path = GameViewController.swift; sourceTree = "<group>"; };
		0B2F8729223C6F41001D50E6 /* Base */ = {isa = PBXFileReference; lastKnownFileType = file.storyboard; name = Base; path = Base.lproj/Main.storyboard; sourceTree = "<group>"; };
		0B2F872B223C6F42001D50E6 /* Assets.xcassets */ = {isa = PBXFileReference; lastKnownFileType = folder.assetcatalog; path = Assets.xcassets; sourceTree = "<group>"; };
		0B2F872E223C6F42001D50E6 /* Base */ = {isa = PBXFileReference; lastKnownFileType = file.storyboard; name = Base; path = Base.lproj/LaunchScreen.storyboard; sourceTree = "<group>"; };
		0B2F8730223C6F42001D50E6 /* Info.plist */ = {isa = PBXFileReference; lastKnownFileType = text.plist.xml; path = Info.plist; sourceTree = "<group>"; };
		0B2F8735223C6F42001D50E6 /* BlueStarRedStarTests.xctest */ = {isa = PBXFileReference; explicitFileType = wrapper.cfbundle; includeInIndex = 0; path = BlueStarRedStarTests.xctest; sourceTree = BUILT_PRODUCTS_DIR; };
		0B2F8739223C6F42001D50E6 /* BlueStarRedStarTests.swift */ = {isa = PBXFileReference; lastKnownFileType = sourcecode.swift; path = BlueStarRedStarTests.swift; sourceTree = "<group>"; };
		0B2F873B223C6F42001D50E6 /* Info.plist */ = {isa = PBXFileReference; lastKnownFileType = text.plist.xml; path = Info.plist; sourceTree = "<group>"; };
		0B2F8744223C7321001D50E6 /* GameScene+Touches.swift */ = {isa = PBXFileReference; lastKnownFileType = sourcecode.swift; path = "GameScene+Touches.swift"; sourceTree = "<group>"; };
		0B2F8747223D8AA8001D50E6 /* PlayerPiece.swift */ = {isa = PBXFileReference; lastKnownFileType = sourcecode.swift; path = PlayerPiece.swift; sourceTree = "<group>"; };
		0B2F8749223D8DC9001D50E6 /* PlayerMaster.swift */ = {isa = PBXFileReference; lastKnownFileType = sourcecode.swift; path = PlayerMaster.swift; sourceTree = "<group>"; };
		0B4A8AA9225589930089B642 /* NewHighScoreView+Animations.swift */ = {isa = PBXFileReference; lastKnownFileType = sourcecode.swift; path = "NewHighScoreView+Animations.swift"; sourceTree = "<group>"; };
		0B4A8AAB225681100089B642 /* HighScoreStars.sks */ = {isa = PBXFileReference; lastKnownFileType = file.sks; path = HighScoreStars.sks; sourceTree = "<group>"; };
		0B4A8AB1225704CE0089B642 /* TwinStarLevelEditor.app */ = {isa = PBXFileReference; explicitFileType = wrapper.application; includeInIndex = 0; path = TwinStarLevelEditor.app; sourceTree = BUILT_PRODUCTS_DIR; };
		0B4A8AB3225704CF0089B642 /* AppDelegate.swift */ = {isa = PBXFileReference; lastKnownFileType = sourcecode.swift; path = AppDelegate.swift; sourceTree = "<group>"; };
		0B4A8AB5225704CF0089B642 /* EditSegmentViewController.swift */ = {isa = PBXFileReference; lastKnownFileType = sourcecode.swift; path = EditSegmentViewController.swift; sourceTree = "<group>"; };
		0B4A8AB7225704D00089B642 /* Assets.xcassets */ = {isa = PBXFileReference; lastKnownFileType = folder.assetcatalog; path = Assets.xcassets; sourceTree = "<group>"; };
		0B4A8ABA225704D00089B642 /* Base */ = {isa = PBXFileReference; lastKnownFileType = file.storyboard; name = Base; path = Base.lproj/Main.storyboard; sourceTree = "<group>"; };
		0B4A8ABC225704D00089B642 /* Info.plist */ = {isa = PBXFileReference; lastKnownFileType = text.plist.xml; path = Info.plist; sourceTree = "<group>"; };
		0B4A8ABD225704D00089B642 /* TwinStarLevelEditor.entitlements */ = {isa = PBXFileReference; lastKnownFileType = text.plist.entitlements; path = TwinStarLevelEditor.entitlements; sourceTree = "<group>"; };
		0B5E2F1B22571A5D009A091F /* StaticHelper.swift */ = {isa = PBXFileReference; lastKnownFileType = sourcecode.swift; path = StaticHelper.swift; sourceTree = "<group>"; };
		0B5E2F1D22571C36009A091F /* PieceColor+GetColor.swift */ = {isa = PBXFileReference; lastKnownFileType = sourcecode.swift; path = "PieceColor+GetColor.swift"; sourceTree = "<group>"; };
		0B63A2102258157900ACC399 /* TileView.swift */ = {isa = PBXFileReference; lastKnownFileType = sourcecode.swift; path = TileView.swift; sourceTree = "<group>"; };
		0B63A21422582F8A00ACC399 /* TileManager.swift */ = {isa = PBXFileReference; lastKnownFileType = sourcecode.swift; path = TileManager.swift; sourceTree = "<group>"; };
		0B63A21622582FBC00ACC399 /* TileDelegate.swift */ = {isa = PBXFileReference; lastKnownFileType = sourcecode.swift; path = TileDelegate.swift; sourceTree = "<group>"; };
		0B63A2182258303400ACC399 /* TileManager+TileDelegate.swift */ = {isa = PBXFileReference; lastKnownFileType = sourcecode.swift; path = "TileManager+TileDelegate.swift"; sourceTree = "<group>"; };
		0B63A21B225832B300ACC399 /* TileManagerDelegate.swift */ = {isa = PBXFileReference; lastKnownFileType = sourcecode.swift; path = TileManagerDelegate.swift; sourceTree = "<group>"; };
		0B63A21D225832D800ACC399 /* EditSegmentViewController+TileManagerDelegate.swift */ = {isa = PBXFileReference; lastKnownFileType = sourcecode.swift; path = "EditSegmentViewController+TileManagerDelegate.swift"; sourceTree = "<group>"; };
		0B63A21F2258342E00ACC399 /* PieceView.swift */ = {isa = PBXFileReference; lastKnownFileType = sourcecode.swift; path = PieceView.swift; sourceTree = "<group>"; };
		0B63A223225843FE00ACC399 /* EditorWindowController.swift */ = {isa = PBXFileReference; lastKnownFileType = sourcecode.swift; path = EditorWindowController.swift; sourceTree = "<group>"; };
		0B63A225225A838000ACC399 /* RealmManager.swift */ = {isa = PBXFileReference; lastKnownFileType = sourcecode.swift; path = RealmManager.swift; sourceTree = "<group>"; };
		0B63A22E225AFD3800ACC399 /* LevelViewController.swift */ = {isa = PBXFileReference; lastKnownFileType = sourcecode.swift; path = LevelViewController.swift; sourceTree = "<group>"; };
		0B63A230225BA7CF00ACC399 /* TableViewController.swift */ = {isa = PBXFileReference; lastKnownFileType = sourcecode.swift; path = TableViewController.swift; sourceTree = "<group>"; };
		0B63A232225BA82D00ACC399 /* TableViewController+Delegate+DataSource.swift */ = {isa = PBXFileReference; lastKnownFileType = sourcecode.swift; path = "TableViewController+Delegate+DataSource.swift"; sourceTree = "<group>"; };
		0B63A234225C5EAE00ACC399 /* LevelViewController+TaleViewDelegate+DataSource.swift */ = {isa = PBXFileReference; lastKnownFileType = sourcecode.swift; path = "LevelViewController+TaleViewDelegate+DataSource.swift"; sourceTree = "<group>"; };
		0B63A237225C601200ACC399 /* SectionViewController.swift */ = {isa = PBXFileReference; lastKnownFileType = sourcecode.swift; path = SectionViewController.swift; sourceTree = "<group>"; };
		0B63A239225C603600ACC399 /* SectionViewController+TableDataSource+Delegate.swift */ = {isa = PBXFileReference; lastKnownFileType = sourcecode.swift; path = "SectionViewController+TableDataSource+Delegate.swift"; sourceTree = "<group>"; };
		0B63A23B225C621400ACC399 /* SegmentViewController.swift */ = {isa = PBXFileReference; lastKnownFileType = sourcecode.swift; path = SegmentViewController.swift; sourceTree = "<group>"; };
		0B63A23D225C627E00ACC399 /* SegmentViewController+TableViewDelegate+DataSource.swift */ = {isa = PBXFileReference; lastKnownFileType = sourcecode.swift; path = "SegmentViewController+TableViewDelegate+DataSource.swift"; sourceTree = "<group>"; };
		0B63A23F225D409300ACC399 /* TableManager.swift */ = {isa = PBXFileReference; lastKnownFileType = sourcecode.swift; path = TableManager.swift; sourceTree = "<group>"; };
		0B63A241225D5ED300ACC399 /* EditLevelViewController.swift */ = {isa = PBXFileReference; lastKnownFileType = sourcecode.swift; path = EditLevelViewController.swift; sourceTree = "<group>"; };
		0B63A245225FDEE700ACC399 /* EditSectionViewController.swift */ = {isa = PBXFileReference; lastKnownFileType = sourcecode.swift; path = EditSectionViewController.swift; sourceTree = "<group>"; };
		0B7AC043223EDD88003E84EF /* PieceNode.swift */ = {isa = PBXFileReference; lastKnownFileType = sourcecode.swift; path = PieceNode.swift; sourceTree = "<group>"; };
		0B7AC045223EE811003E84EF /* Wall.swift */ = {isa = PBXFileReference; lastKnownFileType = sourcecode.swift; path = Wall.swift; sourceTree = "<group>"; };
		0B7AC047223EF7FC003E84EF /* StaticHelper.swift */ = {isa = PBXFileReference; lastKnownFileType = sourcecode.swift; path = StaticHelper.swift; sourceTree = "<group>"; };
		0B7AC049223F1FD5003E84EF /* Coin.swift */ = {isa = PBXFileReference; lastKnownFileType = sourcecode.swift; path = Coin.swift; sourceTree = "<group>"; };
		0B7AC04B223F25A4003E84EF /* GameScene+Collisions.swift */ = {isa = PBXFileReference; lastKnownFileType = sourcecode.swift; path = "GameScene+Collisions.swift"; sourceTree = "<group>"; };
		0B7AC04D223F266C003E84EF /* CollisionCategories.swift */ = {isa = PBXFileReference; lastKnownFileType = sourcecode.swift; path = CollisionCategories.swift; sourceTree = "<group>"; };
		0B98CCD4224AB16500C2D763 /* silkworm.TTF */ = {isa = PBXFileReference; lastKnownFileType = file; path = silkworm.TTF; sourceTree = "<group>"; };
		0B98CCD6224ABA9800C2D763 /* Retronoid Italic.ttf */ = {isa = PBXFileReference; lastKnownFileType = file; path = "Retronoid Italic.ttf"; sourceTree = "<group>"; };
		0B98CCD8224ABB4900C2D763 /* atari full.ttf */ = {isa = PBXFileReference; lastKnownFileType = file; path = "atari full.ttf"; sourceTree = "<group>"; };
		0B98CCDA224ABC3A00C2D763 /* ca.ttf */ = {isa = PBXFileReference; lastKnownFileType = file; path = ca.ttf; sourceTree = "<group>"; };
		0B98CCDC224B14C800C2D763 /* Space.sks */ = {isa = PBXFileReference; lastKnownFileType = file.sks; path = Space.sks; sourceTree = "<group>"; };
		0BB390BE2247F1B6009F08B1 /* TailPiece.swift */ = {isa = PBXFileReference; lastKnownFileType = sourcecode.swift; path = TailPiece.swift; sourceTree = "<group>"; };
		0BB390C5224856EF009F08B1 /* Simply Rounded Italic.ttf */ = {isa = PBXFileReference; lastKnownFileType = file; path = "Simply Rounded Italic.ttf"; sourceTree = "<group>"; };
		0BB390C722487122009F08B1 /* pure_and_simple_everytime.ttf */ = {isa = PBXFileReference; lastKnownFileType = file; path = pure_and_simple_everytime.ttf; sourceTree = "<group>"; };
		0BB390C922496C61009F08B1 /* PlayerExplode.sks */ = {isa = PBXFileReference; lastKnownFileType = file.sks; path = PlayerExplode.sks; sourceTree = "<group>"; };
		0BB390CA22496C61009F08B1 /* Assets.xcassets */ = {isa = PBXFileReference; lastKnownFileType = folder.assetcatalog; path = Assets.xcassets; sourceTree = "<group>"; };
		0BB390CE224979EF009F08B1 /* PlayerHurt.sks */ = {isa = PBXFileReference; lastKnownFileType = file.sks; path = PlayerHurt.sks; sourceTree = "<group>"; };
		0BB390D0224980C4009F08B1 /* points.sks */ = {isa = PBXFileReference; lastKnownFileType = file.sks; path = points.sks; sourceTree = "<group>"; };
		0BB390D22249BAA9009F08B1 /* Tail.sks */ = {isa = PBXFileReference; lastKnownFileType = file.sks; path = Tail.sks; sourceTree = "<group>"; };
		13A8CDDEA484CCC0DF8D0EAE /* Pods-BlueStarRedStar.release.xcconfig */ = {isa = PBXFileReference; includeInIndex = 1; lastKnownFileType = text.xcconfig; name = "Pods-BlueStarRedStar.release.xcconfig"; path = "Pods/Target Support Files/Pods-BlueStarRedStar/Pods-BlueStarRedStar.release.xcconfig"; sourceTree = "<group>"; };
		19447945DFD9BA2253AD61BF /* Pods_BlueStarRedStar.framework */ = {isa = PBXFileReference; explicitFileType = wrapper.framework; includeInIndex = 0; path = Pods_BlueStarRedStar.framework; sourceTree = BUILT_PRODUCTS_DIR; };
		21E832262D18BE91BA2C5FB7 /* Pods-BlueStarRedStarTests.debug.xcconfig */ = {isa = PBXFileReference; includeInIndex = 1; lastKnownFileType = text.xcconfig; name = "Pods-BlueStarRedStarTests.debug.xcconfig"; path = "Pods/Target Support Files/Pods-BlueStarRedStarTests/Pods-BlueStarRedStarTests.debug.xcconfig"; sourceTree = "<group>"; };
		36660718BDD52A8B8F434AF6 /* Pods_BlueStarRedStarTests.framework */ = {isa = PBXFileReference; explicitFileType = wrapper.framework; includeInIndex = 0; path = Pods_BlueStarRedStarTests.framework; sourceTree = BUILT_PRODUCTS_DIR; };
		47BC926B982E4814E22A73C6 /* Pods-BlueStarRedStarTests.release.xcconfig */ = {isa = PBXFileReference; includeInIndex = 1; lastKnownFileType = text.xcconfig; name = "Pods-BlueStarRedStarTests.release.xcconfig"; path = "Pods/Target Support Files/Pods-BlueStarRedStarTests/Pods-BlueStarRedStarTests.release.xcconfig"; sourceTree = "<group>"; };
		C59C62B5929A4F1C25F34CFF /* Pods_TwinStarLevelEditor.framework */ = {isa = PBXFileReference; explicitFileType = wrapper.framework; includeInIndex = 0; path = Pods_TwinStarLevelEditor.framework; sourceTree = BUILT_PRODUCTS_DIR; };
		C7B9B040C820E02BCA4CDA03 /* Pods-BlueStarRedStar.debug.xcconfig */ = {isa = PBXFileReference; includeInIndex = 1; lastKnownFileType = text.xcconfig; name = "Pods-BlueStarRedStar.debug.xcconfig"; path = "Pods/Target Support Files/Pods-BlueStarRedStar/Pods-BlueStarRedStar.debug.xcconfig"; sourceTree = "<group>"; };
		CA559244C213B12788674B82 /* Pods-TwinStarLevelEditor.release.xcconfig */ = {isa = PBXFileReference; includeInIndex = 1; lastKnownFileType = text.xcconfig; name = "Pods-TwinStarLevelEditor.release.xcconfig"; path = "Pods/Target Support Files/Pods-TwinStarLevelEditor/Pods-TwinStarLevelEditor.release.xcconfig"; sourceTree = "<group>"; };
		D87BC6471E8A845F413ABE73 /* Pods-TwinStarLevelEditor.debug.xcconfig */ = {isa = PBXFileReference; includeInIndex = 1; lastKnownFileType = text.xcconfig; name = "Pods-TwinStarLevelEditor.debug.xcconfig"; path = "Pods/Target Support Files/Pods-TwinStarLevelEditor/Pods-TwinStarLevelEditor.debug.xcconfig"; sourceTree = "<group>"; };
/* End PBXFileReference section */

/* Begin PBXFrameworksBuildPhase section */
		0B2F8718223C6F41001D50E6 /* Frameworks */ = {
			isa = PBXFrameworksBuildPhase;
			buildActionMask = 2147483647;
			files = (
				97DF5292F175791B7BBC75FB /* Pods_BlueStarRedStar.framework in Frameworks */,
			);
			runOnlyForDeploymentPostprocessing = 0;
		};
		0B2F8732223C6F42001D50E6 /* Frameworks */ = {
			isa = PBXFrameworksBuildPhase;
			buildActionMask = 2147483647;
			files = (
				066087A0A99A5B7343E89E98 /* Pods_BlueStarRedStarTests.framework in Frameworks */,
			);
			runOnlyForDeploymentPostprocessing = 0;
		};
		0B4A8AAE225704CE0089B642 /* Frameworks */ = {
			isa = PBXFrameworksBuildPhase;
			buildActionMask = 2147483647;
			files = (
				201E3F84A9BC15B946134067 /* Pods_TwinStarLevelEditor.framework in Frameworks */,
			);
			runOnlyForDeploymentPostprocessing = 0;
		};
/* End PBXFrameworksBuildPhase section */

/* Begin PBXGroup section */
		0B172A71224144F70003CE03 /* Menus */ = {
			isa = PBXGroup;
			children = (
				0B24CCD1225293F8002F3410 /* HighScores */,
				0B172A8222427D4D0003CE03 /* MenuTitle.xib */,
				0B172A8422427F180003CE03 /* MenuTitleView.swift */,
				0B172A76224189180003CE03 /* MenuDelegate.swift */,
				0B1E51DF2251BCFF00817FAE /* MenuProtocol.swift */,
				0B172A72224145180003CE03 /* MenuGameOver.xib */,
				0B172A74224145620003CE03 /* MenuGameOverView.swift */,
			);
			path = Menus;
			sourceTree = "<group>";
		};
		0B172A8E2242E9C00003CE03 /* LevelCreator */ = {
			isa = PBXGroup;
			children = (
				0B08D2D4223DCEA7006942A0 /* LevelCreator.swift */,
				0B172A8F2242E9DD0003CE03 /* LevelCreator+Level1.swift */,
			);
			path = LevelCreator;
			sourceTree = "<group>";
		};
		0B24CCD1225293F8002F3410 /* HighScores */ = {
			isa = PBXGroup;
			children = (
				0B24CCC922527B0D002F3410 /* Key.xib */,
				0B24CCCB22527E05002F3410 /* KeyView.swift */,
				0B172A7E2241E4DF0003CE03 /* MenuNewHighScore.xib */,
				0B172A802241E57B0003CE03 /* NewHighScoreView.swift */,
				0B24CCCF2252937A002F3410 /* NewHighScoreView+KeyDelegate.swift */,
				0B4A8AA9225589930089B642 /* NewHighScoreView+Animations.swift */,
				0B172A86224285120003CE03 /* MenuHighScores.xib */,
				0B172A88224285650003CE03 /* MenuHighScoresView.swift */,
				0B172A8A22428A5C0003CE03 /* HighScore.xib */,
				0B172A8C22428A7A0003CE03 /* HighScoreView.swift */,
				0B24CCCD225291B5002F3410 /* KeyDelegate.swift */,
			);
			path = HighScores;
			sourceTree = "<group>";
		};
		0B2F8712223C6F40001D50E6 = {
			isa = PBXGroup;
			children = (
				0B2F871D223C6F41001D50E6 /* BlueStarRedStar */,
				0B63A244225FD8A900ACC399 /* Shared Classes */,
				0B4A8AB2225704CF0089B642 /* TwinStarLevelEditor */,
				0B2F8738223C6F42001D50E6 /* BlueStarRedStarTests */,
				0B2F871C223C6F41001D50E6 /* Products */,
				ABFF9B6CC6E94BE009C10620 /* Pods */,
				68FF7F2B04209B36B04EC7B0 /* Frameworks */,
			);
			sourceTree = "<group>";
		};
		0B2F871C223C6F41001D50E6 /* Products */ = {
			isa = PBXGroup;
			children = (
				0B2F871B223C6F41001D50E6 /* BlueStarRedStar.app */,
				0B2F8735223C6F42001D50E6 /* BlueStarRedStarTests.xctest */,
				0B4A8AB1225704CE0089B642 /* TwinStarLevelEditor.app */,
			);
			name = Products;
			sourceTree = "<group>";
		};
		0B2F871D223C6F41001D50E6 /* BlueStarRedStar */ = {
			isa = PBXGroup;
			children = (
				0B2F871E223C6F41001D50E6 /* AppDelegate.swift */,
				0B7AC04D223F266C003E84EF /* CollisionCategories.swift */,
				0B5E2F1D22571C36009A091F /* PieceColor+GetColor.swift */,
				0B2F8746223C732F001D50E6 /* GameScene */,
				0B172A8E2242E9C00003CE03 /* LevelCreator */,
				0B172A71224144F70003CE03 /* Menus */,
				0B2F8726223C6F41001D50E6 /* GameViewController.swift */,
				0B08D2CC223DB9B3006942A0 /* LevelManager.swift */,
				0B08D2D6223DD43C006942A0 /* PieceFactory.swift */,
				0BB390CD2249791B009F08B1 /* Effects */,
				0B7AC047223EF7FC003E84EF /* StaticHelper.swift */,
				0B172A7C2241DA870003CE03 /* HighsScoreManager.swift */,
				0BB390C4224856C9009F08B1 /* Fonts */,
				0B7AC042223EDD74003E84EF /* Pieces */,
				0B2F874B223D90F5001D50E6 /* Player */,
				0B2F8728223C6F41001D50E6 /* Main.storyboard */,
				0B2F872B223C6F42001D50E6 /* Assets.xcassets */,
				0B2F872D223C6F42001D50E6 /* LaunchScreen.storyboard */,
				0B2F8730223C6F42001D50E6 /* Info.plist */,
			);
			path = BlueStarRedStar;
			sourceTree = "<group>";
		};
		0B2F8738223C6F42001D50E6 /* BlueStarRedStarTests */ = {
			isa = PBXGroup;
			children = (
				0B2F8739223C6F42001D50E6 /* BlueStarRedStarTests.swift */,
				0B2F873B223C6F42001D50E6 /* Info.plist */,
			);
			path = BlueStarRedStarTests;
			sourceTree = "<group>";
		};
		0B2F8746223C732F001D50E6 /* GameScene */ = {
			isa = PBXGroup;
			children = (
				0B2F8720223C6F41001D50E6 /* GameScene.sks */,
				0B2F8724223C6F41001D50E6 /* GameScene.swift */,
				0B7AC04B223F25A4003E84EF /* GameScene+Collisions.swift */,
				0B2F8744223C7321001D50E6 /* GameScene+Touches.swift */,
				0B172A6F2241423C0003CE03 /* GameScene+Start+End.swift */,
				0B172A78224189450003CE03 /* GameScene+MenuDelegate.swift */,
				0B18D8DD2243E83700461AEE /* GameSceen+PlayerDelegate.swift */,
			);
			path = GameScene;
			sourceTree = "<group>";
		};
		0B2F874B223D90F5001D50E6 /* Player */ = {
			isa = PBXGroup;
			children = (
				0B2F8749223D8DC9001D50E6 /* PlayerMaster.swift */,
				0B2F8747223D8AA8001D50E6 /* PlayerPiece.swift */,
				0BB390BE2247F1B6009F08B1 /* TailPiece.swift */,
				0B18D8DB2243E78C00461AEE /* PlayerDelegate.swift */,
			);
			path = Player;
			sourceTree = "<group>";
		};
		0B4A8AB2225704CF0089B642 /* TwinStarLevelEditor */ = {
			isa = PBXGroup;
			children = (
				0B4A8AB3225704CF0089B642 /* AppDelegate.swift */,
				0B5E2F1B22571A5D009A091F /* StaticHelper.swift */,
				0B63A225225A838000ACC399 /* RealmManager.swift */,
				0B63A22B225AB4A100ACC399 /* Windows */,
				0B63A236225C5FCF00ACC399 /* Tables */,
				0B63A230225BA7CF00ACC399 /* TableViewController.swift */,
				0B63A232225BA82D00ACC399 /* TableViewController+Delegate+DataSource.swift */,
				0B4A8AB7225704D00089B642 /* Assets.xcassets */,
				0B4A8AB9225704D00089B642 /* Main.storyboard */,
				0B4A8ABC225704D00089B642 /* Info.plist */,
				0B4A8ABD225704D00089B642 /* TwinStarLevelEditor.entitlements */,
			);
			path = TwinStarLevelEditor;
			sourceTree = "<group>";
		};
		0B4E219C223DB87D0035AB99 /* Realm Objects */ = {
			isa = PBXGroup;
			children = (
				0B08D2CA223DB8D5006942A0 /* Level.swift */,
				0B08D2CE223DC261006942A0 /* Section.swift */,
				0B08D2D0223DC2F2006942A0 /* Segment.swift */,
				0B08D2D2223DC352006942A0 /* Piece.swift */,
				0B172A7A2241D8450003CE03 /* HighScore.swift */,
			);
			path = "Realm Objects";
			sourceTree = "<group>";
		};
		0B63A21A2258305200ACC399 /* Tiles */ = {
			isa = PBXGroup;
			children = (
				0B63A2102258157900ACC399 /* TileView.swift */,
				0B63A21422582F8A00ACC399 /* TileManager.swift */,
				0B63A2182258303400ACC399 /* TileManager+TileDelegate.swift */,
				0B63A21622582FBC00ACC399 /* TileDelegate.swift */,
				0B63A21B225832B300ACC399 /* TileManagerDelegate.swift */,
			);
			path = Tiles;
			sourceTree = "<group>";
		};
		0B63A22B225AB4A100ACC399 /* Windows */ = {
			isa = PBXGroup;
			children = (
				0B63A223225843FE00ACC399 /* EditorWindowController.swift */,
			);
			path = Windows;
			sourceTree = "<group>";
		};
		0B63A236225C5FCF00ACC399 /* Tables */ = {
			isa = PBXGroup;
			children = (
				0B63A23F225D409300ACC399 /* TableManager.swift */,
				0B63A22E225AFD3800ACC399 /* LevelViewController.swift */,
				0B63A234225C5EAE00ACC399 /* LevelViewController+TaleViewDelegate+DataSource.swift */,
				0B63A237225C601200ACC399 /* SectionViewController.swift */,
				0B63A239225C603600ACC399 /* SectionViewController+TableDataSource+Delegate.swift */,
				0B63A23B225C621400ACC399 /* SegmentViewController.swift */,
				0B63A23D225C627E00ACC399 /* SegmentViewController+TableViewDelegate+DataSource.swift */,
				0B63A243225D5EDA00ACC399 /* Edit Menus */,
			);
			path = Tables;
			sourceTree = "<group>";
		};
		0B63A243225D5EDA00ACC399 /* Edit Menus */ = {
			isa = PBXGroup;
			children = (
				0B63A241225D5ED300ACC399 /* EditLevelViewController.swift */,
				0B63A245225FDEE700ACC399 /* EditSectionViewController.swift */,
				0B9CA1A222600A3F005C8066 /* EditSegments */,
			);
			path = "Edit Menus";
			sourceTree = "<group>";
		};
		0B63A244225FD8A900ACC399 /* Shared Classes */ = {
			isa = PBXGroup;
			children = (
				0B4E219C223DB87D0035AB99 /* Realm Objects */,
			);
			path = "Shared Classes";
			sourceTree = "<group>";
		};
		0B7AC042223EDD74003E84EF /* Pieces */ = {
			isa = PBXGroup;
			children = (
				0B7AC043223EDD88003E84EF /* PieceNode.swift */,
				0B7AC045223EE811003E84EF /* Wall.swift */,
				0B7AC049223F1FD5003E84EF /* Coin.swift */,
			);
			path = Pieces;
			sourceTree = "<group>";
		};
		0B9CA1A222600A3F005C8066 /* EditSegments */ = {
			isa = PBXGroup;
			children = (
				0B4A8AB5225704CF0089B642 /* EditSegmentViewController.swift */,
				0B63A21D225832D800ACC399 /* EditSegmentViewController+TileManagerDelegate.swift */,
				0B63A21F2258342E00ACC399 /* PieceView.swift */,
				0B63A21A2258305200ACC399 /* Tiles */,
			);
			path = EditSegments;
			sourceTree = "<group>";
		};
		0BB390C4224856C9009F08B1 /* Fonts */ = {
			isa = PBXGroup;
			children = (
				0B98CCDA224ABC3A00C2D763 /* ca.ttf */,
				0B98CCD8224ABB4900C2D763 /* atari full.ttf */,
				0B98CCD6224ABA9800C2D763 /* Retronoid Italic.ttf */,
				0B98CCD4224AB16500C2D763 /* silkworm.TTF */,
				0BB390C5224856EF009F08B1 /* Simply Rounded Italic.ttf */,
				0BB390C722487122009F08B1 /* pure_and_simple_everytime.ttf */,
			);
			path = Fonts;
			sourceTree = "<group>";
		};
		0BB390CD2249791B009F08B1 /* Effects */ = {
			isa = PBXGroup;
			children = (
				0BB390C922496C61009F08B1 /* PlayerExplode.sks */,
				0BB390CE224979EF009F08B1 /* PlayerHurt.sks */,
				0BB390D0224980C4009F08B1 /* points.sks */,
				0BB390D22249BAA9009F08B1 /* Tail.sks */,
				0B98CCDC224B14C800C2D763 /* Space.sks */,
				0BB390CA22496C61009F08B1 /* Assets.xcassets */,
				0B4A8AAB225681100089B642 /* HighScoreStars.sks */,
			);
			path = Effects;
			sourceTree = "<group>";
		};
		68FF7F2B04209B36B04EC7B0 /* Frameworks */ = {
			isa = PBXGroup;
			children = (
				19447945DFD9BA2253AD61BF /* Pods_BlueStarRedStar.framework */,
				36660718BDD52A8B8F434AF6 /* Pods_BlueStarRedStarTests.framework */,
				C59C62B5929A4F1C25F34CFF /* Pods_TwinStarLevelEditor.framework */,
			);
			name = Frameworks;
			sourceTree = "<group>";
		};
		ABFF9B6CC6E94BE009C10620 /* Pods */ = {
			isa = PBXGroup;
			children = (
				C7B9B040C820E02BCA4CDA03 /* Pods-BlueStarRedStar.debug.xcconfig */,
				13A8CDDEA484CCC0DF8D0EAE /* Pods-BlueStarRedStar.release.xcconfig */,
				21E832262D18BE91BA2C5FB7 /* Pods-BlueStarRedStarTests.debug.xcconfig */,
				47BC926B982E4814E22A73C6 /* Pods-BlueStarRedStarTests.release.xcconfig */,
				D87BC6471E8A845F413ABE73 /* Pods-TwinStarLevelEditor.debug.xcconfig */,
				CA559244C213B12788674B82 /* Pods-TwinStarLevelEditor.release.xcconfig */,
			);
			name = Pods;
			sourceTree = "<group>";
		};
/* End PBXGroup section */

/* Begin PBXNativeTarget section */
		0B2F871A223C6F41001D50E6 /* BlueStarRedStar */ = {
			isa = PBXNativeTarget;
			buildConfigurationList = 0B2F873E223C6F42001D50E6 /* Build configuration list for PBXNativeTarget "BlueStarRedStar" */;
			buildPhases = (
				F8BBAA67B99956839FBB6C28 /* [CP] Check Pods Manifest.lock */,
				0B2F8717223C6F41001D50E6 /* Sources */,
				0B2F8718223C6F41001D50E6 /* Frameworks */,
				0B2F8719223C6F41001D50E6 /* Resources */,
				690C025A88A44B934C5DA18E /* [CP] Embed Pods Frameworks */,
			);
			buildRules = (
			);
			dependencies = (
			);
			name = BlueStarRedStar;
			productName = BlueStarRedStar;
			productReference = 0B2F871B223C6F41001D50E6 /* BlueStarRedStar.app */;
			productType = "com.apple.product-type.application";
		};
		0B2F8734223C6F42001D50E6 /* BlueStarRedStarTests */ = {
			isa = PBXNativeTarget;
			buildConfigurationList = 0B2F8741223C6F42001D50E6 /* Build configuration list for PBXNativeTarget "BlueStarRedStarTests" */;
			buildPhases = (
				F240B2DB2CAF51351EE47AF9 /* [CP] Check Pods Manifest.lock */,
				0B2F8731223C6F42001D50E6 /* Sources */,
				0B2F8732223C6F42001D50E6 /* Frameworks */,
				0B2F8733223C6F42001D50E6 /* Resources */,
			);
			buildRules = (
			);
			dependencies = (
				0B2F8737223C6F42001D50E6 /* PBXTargetDependency */,
			);
			name = BlueStarRedStarTests;
			productName = BlueStarRedStarTests;
			productReference = 0B2F8735223C6F42001D50E6 /* BlueStarRedStarTests.xctest */;
			productType = "com.apple.product-type.bundle.unit-test";
		};
		0B4A8AB0225704CE0089B642 /* TwinStarLevelEditor */ = {
			isa = PBXNativeTarget;
			buildConfigurationList = 0B4A8AC0225704D00089B642 /* Build configuration list for PBXNativeTarget "TwinStarLevelEditor" */;
			buildPhases = (
				827A085A1C1281CF698CB0F2 /* [CP] Check Pods Manifest.lock */,
				0B4A8AAD225704CE0089B642 /* Sources */,
				0B4A8AAE225704CE0089B642 /* Frameworks */,
				0B4A8AAF225704CE0089B642 /* Resources */,
				5CC689229D11293F7DB1A435 /* [CP] Embed Pods Frameworks */,
			);
			buildRules = (
			);
			dependencies = (
			);
			name = TwinStarLevelEditor;
			productName = TwinStarLevelEditor;
			productReference = 0B4A8AB1225704CE0089B642 /* TwinStarLevelEditor.app */;
			productType = "com.apple.product-type.application";
		};
/* End PBXNativeTarget section */

/* Begin PBXProject section */
		0B2F8713223C6F40001D50E6 /* Project object */ = {
			isa = PBXProject;
			attributes = {
				LastSwiftUpdateCheck = 1010;
				LastUpgradeCheck = 1010;
				ORGANIZATIONNAME = "Spencer Symington";
				TargetAttributes = {
					0B2F871A223C6F41001D50E6 = {
						CreatedOnToolsVersion = 10.1;
					};
					0B2F8734223C6F42001D50E6 = {
						CreatedOnToolsVersion = 10.1;
						TestTargetID = 0B2F871A223C6F41001D50E6;
					};
					0B4A8AB0225704CE0089B642 = {
						CreatedOnToolsVersion = 10.1;
					};
				};
			};
			buildConfigurationList = 0B2F8716223C6F40001D50E6 /* Build configuration list for PBXProject "BlueStarRedStar" */;
			compatibilityVersion = "Xcode 9.3";
			developmentRegion = en;
			hasScannedForEncodings = 0;
			knownRegions = (
				en,
				Base,
			);
			mainGroup = 0B2F8712223C6F40001D50E6;
			productRefGroup = 0B2F871C223C6F41001D50E6 /* Products */;
			projectDirPath = "";
			projectRoot = "";
			targets = (
				0B2F871A223C6F41001D50E6 /* BlueStarRedStar */,
				0B2F8734223C6F42001D50E6 /* BlueStarRedStarTests */,
				0B4A8AB0225704CE0089B642 /* TwinStarLevelEditor */,
			);
		};
/* End PBXProject section */

/* Begin PBXResourcesBuildPhase section */
		0B2F8719223C6F41001D50E6 /* Resources */ = {
			isa = PBXResourcesBuildPhase;
			buildActionMask = 2147483647;
			files = (
				0B98CCD5224AB16500C2D763 /* silkworm.TTF in Resources */,
				0B2F872A223C6F41001D50E6 /* Main.storyboard in Resources */,
				0B98CCD7224ABA9800C2D763 /* Retronoid Italic.ttf in Resources */,
				0B98CCD9224ABB4900C2D763 /* atari full.ttf in Resources */,
				0BB390D32249BAA9009F08B1 /* Tail.sks in Resources */,
				0BB390C822487122009F08B1 /* pure_and_simple_everytime.ttf in Resources */,
				0B172A8322427D4D0003CE03 /* MenuTitle.xib in Resources */,
				0B172A8B22428A5C0003CE03 /* HighScore.xib in Resources */,
				0B2F8721223C6F41001D50E6 /* GameScene.sks in Resources */,
				0BB390C6224856EF009F08B1 /* Simply Rounded Italic.ttf in Resources */,
				0B4A8AAC225681100089B642 /* HighScoreStars.sks in Resources */,
				0B98CCDB224ABC3A00C2D763 /* ca.ttf in Resources */,
				0B24CCCA22527B0D002F3410 /* Key.xib in Resources */,
				0BB390CC22496C61009F08B1 /* Assets.xcassets in Resources */,
				0BB390CF224979EF009F08B1 /* PlayerHurt.sks in Resources */,
				0B172A7F2241E4DF0003CE03 /* MenuNewHighScore.xib in Resources */,
				0BB390CB22496C61009F08B1 /* PlayerExplode.sks in Resources */,
				0B2F872C223C6F42001D50E6 /* Assets.xcassets in Resources */,
				0BB390D1224980C4009F08B1 /* points.sks in Resources */,
				0B172A73224145180003CE03 /* MenuGameOver.xib in Resources */,
				0B2F872F223C6F42001D50E6 /* LaunchScreen.storyboard in Resources */,
				0B172A87224285120003CE03 /* MenuHighScores.xib in Resources */,
				0B98CCDD224B14C800C2D763 /* Space.sks in Resources */,
			);
			runOnlyForDeploymentPostprocessing = 0;
		};
		0B2F8733223C6F42001D50E6 /* Resources */ = {
			isa = PBXResourcesBuildPhase;
			buildActionMask = 2147483647;
			files = (
			);
			runOnlyForDeploymentPostprocessing = 0;
		};
		0B4A8AAF225704CE0089B642 /* Resources */ = {
			isa = PBXResourcesBuildPhase;
			buildActionMask = 2147483647;
			files = (
				0B4A8AB8225704D00089B642 /* Assets.xcassets in Resources */,
				0B4A8ABB225704D00089B642 /* Main.storyboard in Resources */,
			);
			runOnlyForDeploymentPostprocessing = 0;
		};
/* End PBXResourcesBuildPhase section */

/* Begin PBXShellScriptBuildPhase section */
		5CC689229D11293F7DB1A435 /* [CP] Embed Pods Frameworks */ = {
			isa = PBXShellScriptBuildPhase;
			buildActionMask = 2147483647;
			files = (
			);
			inputFileListPaths = (
			);
			inputPaths = (
				"${SRCROOT}/Pods/Target Support Files/Pods-TwinStarLevelEditor/Pods-TwinStarLevelEditor-frameworks.sh",
				"${BUILT_PRODUCTS_DIR}/Realm-macOS/Realm.framework",
				"${BUILT_PRODUCTS_DIR}/RealmSwift-macOS/RealmSwift.framework",
			);
			name = "[CP] Embed Pods Frameworks";
			outputFileListPaths = (
			);
			outputPaths = (
				"${TARGET_BUILD_DIR}/${FRAMEWORKS_FOLDER_PATH}/Realm.framework",
				"${TARGET_BUILD_DIR}/${FRAMEWORKS_FOLDER_PATH}/RealmSwift.framework",
			);
			runOnlyForDeploymentPostprocessing = 0;
			shellPath = /bin/sh;
			shellScript = "\"${SRCROOT}/Pods/Target Support Files/Pods-TwinStarLevelEditor/Pods-TwinStarLevelEditor-frameworks.sh\"\n";
			showEnvVarsInLog = 0;
		};
		690C025A88A44B934C5DA18E /* [CP] Embed Pods Frameworks */ = {
			isa = PBXShellScriptBuildPhase;
			buildActionMask = 2147483647;
			files = (
			);
			inputFileListPaths = (
			);
			inputPaths = (
				"${SRCROOT}/Pods/Target Support Files/Pods-BlueStarRedStar/Pods-BlueStarRedStar-frameworks.sh",
				"${BUILT_PRODUCTS_DIR}/Realm-iOS/Realm.framework",
				"${BUILT_PRODUCTS_DIR}/RealmSwift-iOS/RealmSwift.framework",
			);
			name = "[CP] Embed Pods Frameworks";
			outputFileListPaths = (
			);
			outputPaths = (
				"${TARGET_BUILD_DIR}/${FRAMEWORKS_FOLDER_PATH}/Realm.framework",
				"${TARGET_BUILD_DIR}/${FRAMEWORKS_FOLDER_PATH}/RealmSwift.framework",
			);
			runOnlyForDeploymentPostprocessing = 0;
			shellPath = /bin/sh;
			shellScript = "\"${SRCROOT}/Pods/Target Support Files/Pods-BlueStarRedStar/Pods-BlueStarRedStar-frameworks.sh\"\n";
			showEnvVarsInLog = 0;
		};
		827A085A1C1281CF698CB0F2 /* [CP] Check Pods Manifest.lock */ = {
			isa = PBXShellScriptBuildPhase;
			buildActionMask = 2147483647;
			files = (
			);
			inputFileListPaths = (
			);
			inputPaths = (
				"${PODS_PODFILE_DIR_PATH}/Podfile.lock",
				"${PODS_ROOT}/Manifest.lock",
			);
			name = "[CP] Check Pods Manifest.lock";
			outputFileListPaths = (
			);
			outputPaths = (
				"$(DERIVED_FILE_DIR)/Pods-TwinStarLevelEditor-checkManifestLockResult.txt",
			);
			runOnlyForDeploymentPostprocessing = 0;
			shellPath = /bin/sh;
			shellScript = "diff \"${PODS_PODFILE_DIR_PATH}/Podfile.lock\" \"${PODS_ROOT}/Manifest.lock\" > /dev/null\nif [ $? != 0 ] ; then\n    # print error to STDERR\n    echo \"error: The sandbox is not in sync with the Podfile.lock. Run 'pod install' or update your CocoaPods installation.\" >&2\n    exit 1\nfi\n# This output is used by Xcode 'outputs' to avoid re-running this script phase.\necho \"SUCCESS\" > \"${SCRIPT_OUTPUT_FILE_0}\"\n";
			showEnvVarsInLog = 0;
		};
		F240B2DB2CAF51351EE47AF9 /* [CP] Check Pods Manifest.lock */ = {
			isa = PBXShellScriptBuildPhase;
			buildActionMask = 2147483647;
			files = (
			);
			inputFileListPaths = (
			);
			inputPaths = (
				"${PODS_PODFILE_DIR_PATH}/Podfile.lock",
				"${PODS_ROOT}/Manifest.lock",
			);
			name = "[CP] Check Pods Manifest.lock";
			outputFileListPaths = (
			);
			outputPaths = (
				"$(DERIVED_FILE_DIR)/Pods-BlueStarRedStarTests-checkManifestLockResult.txt",
			);
			runOnlyForDeploymentPostprocessing = 0;
			shellPath = /bin/sh;
			shellScript = "diff \"${PODS_PODFILE_DIR_PATH}/Podfile.lock\" \"${PODS_ROOT}/Manifest.lock\" > /dev/null\nif [ $? != 0 ] ; then\n    # print error to STDERR\n    echo \"error: The sandbox is not in sync with the Podfile.lock. Run 'pod install' or update your CocoaPods installation.\" >&2\n    exit 1\nfi\n# This output is used by Xcode 'outputs' to avoid re-running this script phase.\necho \"SUCCESS\" > \"${SCRIPT_OUTPUT_FILE_0}\"\n";
			showEnvVarsInLog = 0;
		};
		F8BBAA67B99956839FBB6C28 /* [CP] Check Pods Manifest.lock */ = {
			isa = PBXShellScriptBuildPhase;
			buildActionMask = 2147483647;
			files = (
			);
			inputFileListPaths = (
			);
			inputPaths = (
				"${PODS_PODFILE_DIR_PATH}/Podfile.lock",
				"${PODS_ROOT}/Manifest.lock",
			);
			name = "[CP] Check Pods Manifest.lock";
			outputFileListPaths = (
			);
			outputPaths = (
				"$(DERIVED_FILE_DIR)/Pods-BlueStarRedStar-checkManifestLockResult.txt",
			);
			runOnlyForDeploymentPostprocessing = 0;
			shellPath = /bin/sh;
			shellScript = "diff \"${PODS_PODFILE_DIR_PATH}/Podfile.lock\" \"${PODS_ROOT}/Manifest.lock\" > /dev/null\nif [ $? != 0 ] ; then\n    # print error to STDERR\n    echo \"error: The sandbox is not in sync with the Podfile.lock. Run 'pod install' or update your CocoaPods installation.\" >&2\n    exit 1\nfi\n# This output is used by Xcode 'outputs' to avoid re-running this script phase.\necho \"SUCCESS\" > \"${SCRIPT_OUTPUT_FILE_0}\"\n";
			showEnvVarsInLog = 0;
		};
/* End PBXShellScriptBuildPhase section */

/* Begin PBXSourcesBuildPhase section */
		0B2F8717223C6F41001D50E6 /* Sources */ = {
			isa = PBXSourcesBuildPhase;
			buildActionMask = 2147483647;
			files = (
				0B08D2D3223DC352006942A0 /* Piece.swift in Sources */,
				0B172A79224189450003CE03 /* GameScene+MenuDelegate.swift in Sources */,
				0B08D2CF223DC261006942A0 /* Section.swift in Sources */,
				0B7AC044223EDD88003E84EF /* PieceNode.swift in Sources */,
				0B7AC04C223F25A4003E84EF /* GameScene+Collisions.swift in Sources */,
				0B08D2D1223DC2F2006942A0 /* Segment.swift in Sources */,
				0B08D2CD223DB9B3006942A0 /* LevelManager.swift in Sources */,
				0B172A8D22428A7B0003CE03 /* HighScoreView.swift in Sources */,
				0B7AC048223EF7FC003E84EF /* StaticHelper.swift in Sources */,
				0B172A812241E57B0003CE03 /* NewHighScoreView.swift in Sources */,
				0BB390BF2247F1B6009F08B1 /* TailPiece.swift in Sources */,
				0B24CCD02252937A002F3410 /* NewHighScoreView+KeyDelegate.swift in Sources */,
				0B172A702241423C0003CE03 /* GameScene+Start+End.swift in Sources */,
				0B2F8745223C7321001D50E6 /* GameScene+Touches.swift in Sources */,
				0B08D2CB223DB8D5006942A0 /* Level.swift in Sources */,
				0B1E51E02251BCFF00817FAE /* MenuProtocol.swift in Sources */,
				0B7AC046223EE811003E84EF /* Wall.swift in Sources */,
				0B2F8725223C6F41001D50E6 /* GameScene.swift in Sources */,
				0B24CCCC22527E05002F3410 /* KeyView.swift in Sources */,
				0B2F874A223D8DC9001D50E6 /* PlayerMaster.swift in Sources */,
				0B5E2F1E22571C36009A091F /* PieceColor+GetColor.swift in Sources */,
				0B172A902242E9DD0003CE03 /* LevelCreator+Level1.swift in Sources */,
				0B172A7D2241DA870003CE03 /* HighsScoreManager.swift in Sources */,
				0B2F8727223C6F41001D50E6 /* GameViewController.swift in Sources */,
				0B08D2D5223DCEA7006942A0 /* LevelCreator.swift in Sources */,
				0B172A89224285650003CE03 /* MenuHighScoresView.swift in Sources */,
				0B7AC04E223F266C003E84EF /* CollisionCategories.swift in Sources */,
				0B18D8DC2243E78C00461AEE /* PlayerDelegate.swift in Sources */,
				0B2F8748223D8AA8001D50E6 /* PlayerPiece.swift in Sources */,
				0B172A77224189180003CE03 /* MenuDelegate.swift in Sources */,
				0B24CCCE225291B5002F3410 /* KeyDelegate.swift in Sources */,
				0B18D8DE2243E83800461AEE /* GameSceen+PlayerDelegate.swift in Sources */,
				0B4A8AAA225589930089B642 /* NewHighScoreView+Animations.swift in Sources */,
				0B2F871F223C6F41001D50E6 /* AppDelegate.swift in Sources */,
				0B172A8522427F180003CE03 /* MenuTitleView.swift in Sources */,
				0B08D2D7223DD43C006942A0 /* PieceFactory.swift in Sources */,
				0B7AC04A223F1FD5003E84EF /* Coin.swift in Sources */,
				0B172A7B2241D8450003CE03 /* HighScore.swift in Sources */,
				0B172A75224145620003CE03 /* MenuGameOverView.swift in Sources */,
			);
			runOnlyForDeploymentPostprocessing = 0;
		};
		0B2F8731223C6F42001D50E6 /* Sources */ = {
			isa = PBXSourcesBuildPhase;
			buildActionMask = 2147483647;
			files = (
				0B2F873A223C6F42001D50E6 /* BlueStarRedStarTests.swift in Sources */,
			);
			runOnlyForDeploymentPostprocessing = 0;
		};
		0B4A8AAD225704CE0089B642 /* Sources */ = {
			isa = PBXSourcesBuildPhase;
			buildActionMask = 2147483647;
			files = (
				0B4A8AB6225704CF0089B642 /* EditSegmentViewController.swift in Sources */,
				0B63A20E2257E67600ACC399 /* LevelCreator.swift in Sources */,
				0B5E2F1A22571A1A009A091F /* CollisionCategories.swift in Sources */,
				0B5E2F1C22571A5D009A091F /* StaticHelper.swift in Sources */,
				0B63A20B2257BC6900ACC399 /* Segment.swift in Sources */,
				0B63A226225A838000ACC399 /* RealmManager.swift in Sources */,
				0B63A20D2257BC6900ACC399 /* HighScore.swift in Sources */,
				0B63A2192258303400ACC399 /* TileManager+TileDelegate.swift in Sources */,
				0B63A23E225C627E00ACC399 /* SegmentViewController+TableViewDelegate+DataSource.swift in Sources */,
				0B63A235225C5EAE00ACC399 /* LevelViewController+TaleViewDelegate+DataSource.swift in Sources */,
				0B63A22F225AFD3800ACC399 /* LevelViewController.swift in Sources */,
				0B63A21E225832D800ACC399 /* EditSegmentViewController+TileManagerDelegate.swift in Sources */,
				0B63A20F2257E67600ACC399 /* LevelCreator+Level1.swift in Sources */,
				0B63A20C2257BC6900ACC399 /* Piece.swift in Sources */,
				0B63A20A2257BC6900ACC399 /* Section.swift in Sources */,
				0B63A2092257BC6900ACC399 /* Level.swift in Sources */,
				0B63A21722582FBC00ACC399 /* TileDelegate.swift in Sources */,
				0B63A238225C601200ACC399 /* SectionViewController.swift in Sources */,
				0B63A21C225832B300ACC399 /* TileManagerDelegate.swift in Sources */,
				0B63A247225FDEE700ACC399 /* EditSectionViewController.swift in Sources */,
				0B63A242225D5ED300ACC399 /* EditLevelViewController.swift in Sources */,
				0B63A2112258157900ACC399 /* TileView.swift in Sources */,
				0B63A233225BA82D00ACC399 /* TableViewController+Delegate+DataSource.swift in Sources */,
				0B63A231225BA7CF00ACC399 /* TableViewController.swift in Sources */,
				0B63A23A225C603600ACC399 /* SectionViewController+TableDataSource+Delegate.swift in Sources */,
				0B4A8AB4225704CF0089B642 /* AppDelegate.swift in Sources */,
				0B63A2202258342E00ACC399 /* PieceView.swift in Sources */,
				0B63A224225843FE00ACC399 /* EditorWindowController.swift in Sources */,
				0B63A240225D409300ACC399 /* TableManager.swift in Sources */,
				0B63A21522582F8A00ACC399 /* TileManager.swift in Sources */,
				0B63A23C225C621400ACC399 /* SegmentViewController.swift in Sources */,
			);
			runOnlyForDeploymentPostprocessing = 0;
		};
/* End PBXSourcesBuildPhase section */

/* Begin PBXTargetDependency section */
		0B2F8737223C6F42001D50E6 /* PBXTargetDependency */ = {
			isa = PBXTargetDependency;
			target = 0B2F871A223C6F41001D50E6 /* BlueStarRedStar */;
			targetProxy = 0B2F8736223C6F42001D50E6 /* PBXContainerItemProxy */;
		};
/* End PBXTargetDependency section */

/* Begin PBXVariantGroup section */
		0B2F8728223C6F41001D50E6 /* Main.storyboard */ = {
			isa = PBXVariantGroup;
			children = (
				0B2F8729223C6F41001D50E6 /* Base */,
			);
			name = Main.storyboard;
			sourceTree = "<group>";
		};
		0B2F872D223C6F42001D50E6 /* LaunchScreen.storyboard */ = {
			isa = PBXVariantGroup;
			children = (
				0B2F872E223C6F42001D50E6 /* Base */,
			);
			name = LaunchScreen.storyboard;
			sourceTree = "<group>";
		};
		0B4A8AB9225704D00089B642 /* Main.storyboard */ = {
			isa = PBXVariantGroup;
			children = (
				0B4A8ABA225704D00089B642 /* Base */,
			);
			name = Main.storyboard;
			sourceTree = "<group>";
		};
/* End PBXVariantGroup section */

/* Begin XCBuildConfiguration section */
		0B2F873C223C6F42001D50E6 /* Debug */ = {
			isa = XCBuildConfiguration;
			buildSettings = {
				ALWAYS_SEARCH_USER_PATHS = NO;
				CLANG_ANALYZER_NONNULL = YES;
				CLANG_ANALYZER_NUMBER_OBJECT_CONVERSION = YES_AGGRESSIVE;
				CLANG_CXX_LANGUAGE_STANDARD = "gnu++14";
				CLANG_CXX_LIBRARY = "libc++";
				CLANG_ENABLE_MODULES = YES;
				CLANG_ENABLE_OBJC_ARC = YES;
				CLANG_ENABLE_OBJC_WEAK = YES;
				CLANG_WARN_BLOCK_CAPTURE_AUTORELEASING = YES;
				CLANG_WARN_BOOL_CONVERSION = YES;
				CLANG_WARN_COMMA = YES;
				CLANG_WARN_CONSTANT_CONVERSION = YES;
				CLANG_WARN_DEPRECATED_OBJC_IMPLEMENTATIONS = YES;
				CLANG_WARN_DIRECT_OBJC_ISA_USAGE = YES_ERROR;
				CLANG_WARN_DOCUMENTATION_COMMENTS = YES;
				CLANG_WARN_EMPTY_BODY = YES;
				CLANG_WARN_ENUM_CONVERSION = YES;
				CLANG_WARN_INFINITE_RECURSION = YES;
				CLANG_WARN_INT_CONVERSION = YES;
				CLANG_WARN_NON_LITERAL_NULL_CONVERSION = YES;
				CLANG_WARN_OBJC_IMPLICIT_RETAIN_SELF = YES;
				CLANG_WARN_OBJC_LITERAL_CONVERSION = YES;
				CLANG_WARN_OBJC_ROOT_CLASS = YES_ERROR;
				CLANG_WARN_RANGE_LOOP_ANALYSIS = YES;
				CLANG_WARN_STRICT_PROTOTYPES = YES;
				CLANG_WARN_SUSPICIOUS_MOVE = YES;
				CLANG_WARN_UNGUARDED_AVAILABILITY = YES_AGGRESSIVE;
				CLANG_WARN_UNREACHABLE_CODE = YES;
				CLANG_WARN__DUPLICATE_METHOD_MATCH = YES;
				CODE_SIGN_IDENTITY = "iPhone Developer";
				COPY_PHASE_STRIP = NO;
				DEBUG_INFORMATION_FORMAT = dwarf;
				ENABLE_STRICT_OBJC_MSGSEND = YES;
				ENABLE_TESTABILITY = YES;
				GCC_C_LANGUAGE_STANDARD = gnu11;
				GCC_DYNAMIC_NO_PIC = NO;
				GCC_NO_COMMON_BLOCKS = YES;
				GCC_OPTIMIZATION_LEVEL = 0;
				GCC_PREPROCESSOR_DEFINITIONS = (
					"DEBUG=1",
					"$(inherited)",
				);
				GCC_WARN_64_TO_32_BIT_CONVERSION = YES;
				GCC_WARN_ABOUT_RETURN_TYPE = YES_ERROR;
				GCC_WARN_UNDECLARED_SELECTOR = YES;
				GCC_WARN_UNINITIALIZED_AUTOS = YES_AGGRESSIVE;
				GCC_WARN_UNUSED_FUNCTION = YES;
				GCC_WARN_UNUSED_VARIABLE = YES;
				IPHONEOS_DEPLOYMENT_TARGET = 12.1;
				MTL_ENABLE_DEBUG_INFO = INCLUDE_SOURCE;
				MTL_FAST_MATH = YES;
				ONLY_ACTIVE_ARCH = YES;
				SDKROOT = iphoneos;
				SWIFT_ACTIVE_COMPILATION_CONDITIONS = DEBUG;
				SWIFT_OPTIMIZATION_LEVEL = "-Onone";
			};
			name = Debug;
		};
		0B2F873D223C6F42001D50E6 /* Release */ = {
			isa = XCBuildConfiguration;
			buildSettings = {
				ALWAYS_SEARCH_USER_PATHS = NO;
				CLANG_ANALYZER_NONNULL = YES;
				CLANG_ANALYZER_NUMBER_OBJECT_CONVERSION = YES_AGGRESSIVE;
				CLANG_CXX_LANGUAGE_STANDARD = "gnu++14";
				CLANG_CXX_LIBRARY = "libc++";
				CLANG_ENABLE_MODULES = YES;
				CLANG_ENABLE_OBJC_ARC = YES;
				CLANG_ENABLE_OBJC_WEAK = YES;
				CLANG_WARN_BLOCK_CAPTURE_AUTORELEASING = YES;
				CLANG_WARN_BOOL_CONVERSION = YES;
				CLANG_WARN_COMMA = YES;
				CLANG_WARN_CONSTANT_CONVERSION = YES;
				CLANG_WARN_DEPRECATED_OBJC_IMPLEMENTATIONS = YES;
				CLANG_WARN_DIRECT_OBJC_ISA_USAGE = YES_ERROR;
				CLANG_WARN_DOCUMENTATION_COMMENTS = YES;
				CLANG_WARN_EMPTY_BODY = YES;
				CLANG_WARN_ENUM_CONVERSION = YES;
				CLANG_WARN_INFINITE_RECURSION = YES;
				CLANG_WARN_INT_CONVERSION = YES;
				CLANG_WARN_NON_LITERAL_NULL_CONVERSION = YES;
				CLANG_WARN_OBJC_IMPLICIT_RETAIN_SELF = YES;
				CLANG_WARN_OBJC_LITERAL_CONVERSION = YES;
				CLANG_WARN_OBJC_ROOT_CLASS = YES_ERROR;
				CLANG_WARN_RANGE_LOOP_ANALYSIS = YES;
				CLANG_WARN_STRICT_PROTOTYPES = YES;
				CLANG_WARN_SUSPICIOUS_MOVE = YES;
				CLANG_WARN_UNGUARDED_AVAILABILITY = YES_AGGRESSIVE;
				CLANG_WARN_UNREACHABLE_CODE = YES;
				CLANG_WARN__DUPLICATE_METHOD_MATCH = YES;
				CODE_SIGN_IDENTITY = "iPhone Developer";
				COPY_PHASE_STRIP = NO;
				DEBUG_INFORMATION_FORMAT = "dwarf-with-dsym";
				ENABLE_NS_ASSERTIONS = NO;
				ENABLE_STRICT_OBJC_MSGSEND = YES;
				GCC_C_LANGUAGE_STANDARD = gnu11;
				GCC_NO_COMMON_BLOCKS = YES;
				GCC_WARN_64_TO_32_BIT_CONVERSION = YES;
				GCC_WARN_ABOUT_RETURN_TYPE = YES_ERROR;
				GCC_WARN_UNDECLARED_SELECTOR = YES;
				GCC_WARN_UNINITIALIZED_AUTOS = YES_AGGRESSIVE;
				GCC_WARN_UNUSED_FUNCTION = YES;
				GCC_WARN_UNUSED_VARIABLE = YES;
				IPHONEOS_DEPLOYMENT_TARGET = 12.1;
				MTL_ENABLE_DEBUG_INFO = NO;
				MTL_FAST_MATH = YES;
				SDKROOT = iphoneos;
				SWIFT_COMPILATION_MODE = wholemodule;
				SWIFT_OPTIMIZATION_LEVEL = "-O";
				VALIDATE_PRODUCT = YES;
			};
			name = Release;
		};
		0B2F873F223C6F42001D50E6 /* Debug */ = {
			isa = XCBuildConfiguration;
			baseConfigurationReference = C7B9B040C820E02BCA4CDA03 /* Pods-BlueStarRedStar.debug.xcconfig */;
			buildSettings = {
				ASSETCATALOG_COMPILER_APPICON_NAME = AppIcon;
				CODE_SIGN_STYLE = Automatic;
				DEVELOPMENT_TEAM = L688AU9RCV;
				INFOPLIST_FILE = BlueStarRedStar/Info.plist;
				LD_RUNPATH_SEARCH_PATHS = (
					"$(inherited)",
					"@executable_path/Frameworks",
				);
				PRODUCT_BUNDLE_IDENTIFIER = com.spencersymington.BlueStarRedStar;
				PRODUCT_NAME = "$(TARGET_NAME)";
				SWIFT_VERSION = 4.2;
				TARGETED_DEVICE_FAMILY = "1,2";
			};
			name = Debug;
		};
		0B2F8740223C6F42001D50E6 /* Release */ = {
			isa = XCBuildConfiguration;
			baseConfigurationReference = 13A8CDDEA484CCC0DF8D0EAE /* Pods-BlueStarRedStar.release.xcconfig */;
			buildSettings = {
				ASSETCATALOG_COMPILER_APPICON_NAME = AppIcon;
				CODE_SIGN_STYLE = Automatic;
				DEVELOPMENT_TEAM = L688AU9RCV;
				INFOPLIST_FILE = BlueStarRedStar/Info.plist;
				LD_RUNPATH_SEARCH_PATHS = (
					"$(inherited)",
					"@executable_path/Frameworks",
				);
				PRODUCT_BUNDLE_IDENTIFIER = com.spencersymington.BlueStarRedStar;
				PRODUCT_NAME = "$(TARGET_NAME)";
				SWIFT_VERSION = 4.2;
				TARGETED_DEVICE_FAMILY = "1,2";
			};
			name = Release;
		};
		0B2F8742223C6F42001D50E6 /* Debug */ = {
			isa = XCBuildConfiguration;
			baseConfigurationReference = 21E832262D18BE91BA2C5FB7 /* Pods-BlueStarRedStarTests.debug.xcconfig */;
			buildSettings = {
				ALWAYS_EMBED_SWIFT_STANDARD_LIBRARIES = YES;
				BUNDLE_LOADER = "$(TEST_HOST)";
				CODE_SIGN_STYLE = Automatic;
				DEVELOPMENT_TEAM = L688AU9RCV;
				INFOPLIST_FILE = BlueStarRedStarTests/Info.plist;
				LD_RUNPATH_SEARCH_PATHS = (
					"$(inherited)",
					"@executable_path/Frameworks",
					"@loader_path/Frameworks",
				);
				PRODUCT_BUNDLE_IDENTIFIER = com.spencersymington.BlueStarRedStarTests;
				PRODUCT_NAME = "$(TARGET_NAME)";
				SWIFT_VERSION = 4.2;
				TARGETED_DEVICE_FAMILY = "1,2";
				TEST_HOST = "$(BUILT_PRODUCTS_DIR)/BlueStarRedStar.app/BlueStarRedStar";
			};
			name = Debug;
		};
		0B2F8743223C6F42001D50E6 /* Release */ = {
			isa = XCBuildConfiguration;
			baseConfigurationReference = 47BC926B982E4814E22A73C6 /* Pods-BlueStarRedStarTests.release.xcconfig */;
			buildSettings = {
				ALWAYS_EMBED_SWIFT_STANDARD_LIBRARIES = YES;
				BUNDLE_LOADER = "$(TEST_HOST)";
				CODE_SIGN_STYLE = Automatic;
				DEVELOPMENT_TEAM = L688AU9RCV;
				INFOPLIST_FILE = BlueStarRedStarTests/Info.plist;
				LD_RUNPATH_SEARCH_PATHS = (
					"$(inherited)",
					"@executable_path/Frameworks",
					"@loader_path/Frameworks",
				);
				PRODUCT_BUNDLE_IDENTIFIER = com.spencersymington.BlueStarRedStarTests;
				PRODUCT_NAME = "$(TARGET_NAME)";
				SWIFT_VERSION = 4.2;
				TARGETED_DEVICE_FAMILY = "1,2";
				TEST_HOST = "$(BUILT_PRODUCTS_DIR)/BlueStarRedStar.app/BlueStarRedStar";
			};
			name = Release;
		};
		0B4A8ABE225704D00089B642 /* Debug */ = {
			isa = XCBuildConfiguration;
			baseConfigurationReference = D87BC6471E8A845F413ABE73 /* Pods-TwinStarLevelEditor.debug.xcconfig */;
			buildSettings = {
				ASSETCATALOG_COMPILER_APPICON_NAME = AppIcon;
				CODE_SIGN_ENTITLEMENTS = TwinStarLevelEditor/TwinStarLevelEditor.entitlements;
				CODE_SIGN_IDENTITY = "Mac Developer";
				CODE_SIGN_STYLE = Automatic;
				COMBINE_HIDPI_IMAGES = YES;
				DEVELOPMENT_TEAM = L688AU9RCV;
				INFOPLIST_FILE = TwinStarLevelEditor/Info.plist;
				LD_RUNPATH_SEARCH_PATHS = (
					"$(inherited)",
					"@executable_path/../Frameworks",
				);
				MACOSX_DEPLOYMENT_TARGET = 10.13;
				PRODUCT_BUNDLE_IDENTIFIER = com.spencersymington.TwinStarLevelEditor;
				PRODUCT_NAME = "$(TARGET_NAME)";
				SDKROOT = macosx;
				SWIFT_REFLECTION_METADATA_LEVEL = all;
				SWIFT_VERSION = 4.2;
			};
			name = Debug;
		};
		0B4A8ABF225704D00089B642 /* Release */ = {
			isa = XCBuildConfiguration;
			baseConfigurationReference = CA559244C213B12788674B82 /* Pods-TwinStarLevelEditor.release.xcconfig */;
			buildSettings = {
				ASSETCATALOG_COMPILER_APPICON_NAME = AppIcon;
				CODE_SIGN_ENTITLEMENTS = TwinStarLevelEditor/TwinStarLevelEditor.entitlements;
				CODE_SIGN_IDENTITY = "Mac Developer";
				CODE_SIGN_STYLE = Automatic;
				COMBINE_HIDPI_IMAGES = YES;
				DEVELOPMENT_TEAM = L688AU9RCV;
				INFOPLIST_FILE = TwinStarLevelEditor/Info.plist;
				LD_RUNPATH_SEARCH_PATHS = (
					"$(inherited)",
					"@executable_path/../Frameworks",
				);
				MACOSX_DEPLOYMENT_TARGET = 10.13;
				PRODUCT_BUNDLE_IDENTIFIER = com.spencersymington.TwinStarLevelEditor;
				PRODUCT_NAME = "$(TARGET_NAME)";
				SDKROOT = macosx;
				SWIFT_REFLECTION_METADATA_LEVEL = all;
				SWIFT_VERSION = 4.2;
			};
			name = Release;
		};
/* End XCBuildConfiguration section */

/* Begin XCConfigurationList section */
		0B2F8716223C6F40001D50E6 /* Build configuration list for PBXProject "BlueStarRedStar" */ = {
			isa = XCConfigurationList;
			buildConfigurations = (
				0B2F873C223C6F42001D50E6 /* Debug */,
				0B2F873D223C6F42001D50E6 /* Release */,
			);
			defaultConfigurationIsVisible = 0;
			defaultConfigurationName = Release;
		};
		0B2F873E223C6F42001D50E6 /* Build configuration list for PBXNativeTarget "BlueStarRedStar" */ = {
			isa = XCConfigurationList;
			buildConfigurations = (
				0B2F873F223C6F42001D50E6 /* Debug */,
				0B2F8740223C6F42001D50E6 /* Release */,
			);
			defaultConfigurationIsVisible = 0;
			defaultConfigurationName = Release;
		};
		0B2F8741223C6F42001D50E6 /* Build configuration list for PBXNativeTarget "BlueStarRedStarTests" */ = {
			isa = XCConfigurationList;
			buildConfigurations = (
				0B2F8742223C6F42001D50E6 /* Debug */,
				0B2F8743223C6F42001D50E6 /* Release */,
			);
			defaultConfigurationIsVisible = 0;
			defaultConfigurationName = Release;
		};
		0B4A8AC0225704D00089B642 /* Build configuration list for PBXNativeTarget "TwinStarLevelEditor" */ = {
			isa = XCConfigurationList;
			buildConfigurations = (
				0B4A8ABE225704D00089B642 /* Debug */,
				0B4A8ABF225704D00089B642 /* Release */,
			);
			defaultConfigurationIsVisible = 0;
			defaultConfigurationName = Release;
		};
/* End XCConfigurationList section */
	};
	rootObject = 0B2F8713223C6F40001D50E6 /* Project object */;
}
